
Microsoft Visual Studio Solution File, Format Version 12.00
# Visual Studio 15
VisualStudioVersion = 15.0.28307.136
MinimumVisualStudioVersion = 10.0.40219.1
Project("{9A19103F-16F7-4668-BE54-9A1E7A4F7556}") = "ScheduleAPI", "ScheduleAPI\ScheduleAPI.csproj", "{4E6C76C8-91AA-4B68-AC6D-1F042518DE2E}"
EndProject
Project("{FAE04EC0-301F-11D3-BF4B-00C04F79EFBC}") = "ScheduleDB", "ScheduleDB\ScheduleDB.csproj", "{48A1828B-5C26-4467-9CFC-7CCE6755765D}"
EndProject
Global
	GlobalSection(SolutionConfigurationPlatforms) = preSolution
		Debug|Any CPU = Debug|Any CPU
		Release|Any CPU = Release|Any CPU
	EndGlobalSection
	GlobalSection(ProjectConfigurationPlatforms) = postSolution
		{4E6C76C8-91AA-4B68-AC6D-1F042518DE2E}.Debug|Any CPU.ActiveCfg = Debug|Any CPU
		{4E6C76C8-91AA-4B68-AC6D-1F042518DE2E}.Debug|Any CPU.Build.0 = Debug|Any CPU
		{4E6C76C8-91AA-4B68-AC6D-1F042518DE2E}.Release|Any CPU.ActiveCfg = Release|Any CPU
		{4E6C76C8-91AA-4B68-AC6D-1F042518DE2E}.Release|Any CPU.Build.0 = Release|Any CPU
		{48A1828B-5C26-4467-9CFC-7CCE6755765D}.Debug|Any CPU.ActiveCfg = Debug|Any CPU
		{48A1828B-5C26-4467-9CFC-7CCE6755765D}.Debug|Any CPU.Build.0 = Debug|Any CPU
		{48A1828B-5C26-4467-9CFC-7CCE6755765D}.Release|Any CPU.ActiveCfg = Release|Any CPU
		{48A1828B-5C26-4467-9CFC-7CCE6755765D}.Release|Any CPU.Build.0 = Release|Any CPU
	EndGlobalSection
	GlobalSection(SolutionProperties) = preSolution
		HideSolutionNode = FALSE
	EndGlobalSection
	GlobalSection(ExtensibilityGlobals) = postSolution
		SolutionGuid = {01DE0613-40D8-48E8-85E0-5CD59B7362D6}
	EndGlobalSection
EndGlobal
